
Microsoft Visual Studio Solution File, Format Version 12.00
# Visual Studio Version 17
VisualStudioVersion = 17.4.33122.133
MinimumVisualStudioVersion = 10.0.40219.1
Project("{FAE04EC0-301F-11D3-BF4B-00C04F79EFBC}") = "Casting Practices", "Casting Practices\Casting Practices.csproj", "{7E5C3533-7DB2-40A2-916C-FB410D5A51DE}"
EndProject
Global
	GlobalSection(SolutionConfigurationPlatforms) = preSolution
		Debug|Any CPU = Debug|Any CPU
		Release|Any CPU = Release|Any CPU
	EndGlobalSection
	GlobalSection(ProjectConfigurationPlatforms) = postSolution
		{7E5C3533-7DB2-40A2-916C-FB410D5A51DE}.Debug|Any CPU.ActiveCfg = Debug|Any CPU
		{7E5C3533-7DB2-40A2-916C-FB410D5A51DE}.Debug|Any CPU.Build.0 = Debug|Any CPU
		{7E5C3533-7DB2-40A2-916C-FB410D5A51DE}.Release|Any CPU.ActiveCfg = Release|Any CPU
		{7E5C3533-7DB2-40A2-916C-FB410D5A51DE}.Release|Any CPU.Build.0 = Release|Any CPU
	EndGlobalSection
	GlobalSection(SolutionProperties) = preSolution
		HideSolutionNode = FALSE
	EndGlobalSection
	GlobalSection(ExtensibilityGlobals) = postSolution
		SolutionGuid = {E624612C-B11D-4FAA-A724-4A22702DC4EB}
	EndGlobalSection
EndGlobal
